
Microsoft Visual Studio Solution File, Format Version 12.00
# Visual Studio 15
VisualStudioVersion = 15.0.28307.1433
MinimumVisualStudioVersion = 10.0.40219.1
Project("{FAE04EC0-301F-11D3-BF4B-00C04F79EFBC}") = "AJAX", "AJAX\AJAX.csproj", "{98A631C0-F054-42EC-B5B8-F8C9A090D4E5}"
EndProject
Global
	GlobalSection(SolutionConfigurationPlatforms) = preSolution
		Debug|Any CPU = Debug|Any CPU
		Release|Any CPU = Release|Any CPU
	EndGlobalSection
	GlobalSection(ProjectConfigurationPlatforms) = postSolution
		{98A631C0-F054-42EC-B5B8-F8C9A090D4E5}.Debug|Any CPU.ActiveCfg = Debug|Any CPU
		{98A631C0-F054-42EC-B5B8-F8C9A090D4E5}.Debug|Any CPU.Build.0 = Debug|Any CPU
		{98A631C0-F054-42EC-B5B8-F8C9A090D4E5}.Release|Any CPU.ActiveCfg = Release|Any CPU
		{98A631C0-F054-42EC-B5B8-F8C9A090D4E5}.Release|Any CPU.Build.0 = Release|Any CPU
	EndGlobalSection
	GlobalSection(SolutionProperties) = preSolution
		HideSolutionNode = FALSE
	EndGlobalSection
	GlobalSection(ExtensibilityGlobals) = postSolution
		SolutionGuid = {F546D1C2-46D5-4DF1-9C9B-FC4A14A9E1C5}
	EndGlobalSection
EndGlobal
